// !$*UTF8*$!
{
	archiveVersion = 1;
	classes = {
	};
	objectVersion = 50;
	objects = {

/* Begin PBXBuildFile section */
		84264DB82315C5E000027AEF /* AppDelegate.swift in Sources */ = {isa = PBXBuildFile; fileRef = 84264DB72315C5E000027AEF /* AppDelegate.swift */; };
		84264DBA2315C5E000027AEF /* WeatherHomeController.swift in Sources */ = {isa = PBXBuildFile; fileRef = 84264DB92315C5E000027AEF /* WeatherHomeController.swift */; };
		84264DBF2315C5EA00027AEF /* Assets.xcassets in Resources */ = {isa = PBXBuildFile; fileRef = 84264DBE2315C5EA00027AEF /* Assets.xcassets */; };
		84264DC22315C5EA00027AEF /* LaunchScreen.storyboard in Resources */ = {isa = PBXBuildFile; fileRef = 84264DC02315C5EA00027AEF /* LaunchScreen.storyboard */; };
		84264DCD2315C5EA00027AEF /* BeSecur_WeatherTests.swift in Sources */ = {isa = PBXBuildFile; fileRef = 84264DCC2315C5EA00027AEF /* BeSecur_WeatherTests.swift */; };
		84264DD82315C5EA00027AEF /* BeSecur_WeatherUITests.swift in Sources */ = {isa = PBXBuildFile; fileRef = 84264DD72315C5EA00027AEF /* BeSecur_WeatherUITests.swift */; };
		84264DE62315C77D00027AEF /* Service.swift in Sources */ = {isa = PBXBuildFile; fileRef = 84264DE52315C77D00027AEF /* Service.swift */; };
		84264DE82315C8BB00027AEF /* Location.swift in Sources */ = {isa = PBXBuildFile; fileRef = 84264DE72315C8BB00027AEF /* Location.swift */; };
		84264DEE2315CEA800027AEF /* WeatherHomeCell.swift in Sources */ = {isa = PBXBuildFile; fileRef = 84264DED2315CEA800027AEF /* WeatherHomeCell.swift */; };
		84264DF12315CEEF00027AEF /* Layout.swift in Sources */ = {isa = PBXBuildFile; fileRef = 84264DF02315CEEF00027AEF /* Layout.swift */; };
		84264DF32315CFDD00027AEF /* UIView.swift in Sources */ = {isa = PBXBuildFile; fileRef = 84264DF22315CFDD00027AEF /* UIView.swift */; };
		84264DF52315D59A00027AEF /* String.swift in Sources */ = {isa = PBXBuildFile; fileRef = 84264DF42315D59A00027AEF /* String.swift */; };
		84264DF92315DDE000027AEF /* UIComponents.swift in Sources */ = {isa = PBXBuildFile; fileRef = 84264DF82315DDE000027AEF /* UIComponents.swift */; };
		84264DFB2316982300027AEF /* Weather.swift in Sources */ = {isa = PBXBuildFile; fileRef = 84264DFA2316982300027AEF /* Weather.swift */; };
		84264DFD2316B9BB00027AEF /* WeatherHomeCellViewModel.swift in Sources */ = {isa = PBXBuildFile; fileRef = 84264DFC2316B9BB00027AEF /* WeatherHomeCellViewModel.swift */; };
		84264E002316BC1C00027AEF /* ConsolidatedWeather.swift in Sources */ = {isa = PBXBuildFile; fileRef = 84264DFF2316BC1C00027AEF /* ConsolidatedWeather.swift */; };
		84264E022316D5E600027AEF /* CustomNavBarController.swift in Sources */ = {isa = PBXBuildFile; fileRef = 84264E012316D5E600027AEF /* CustomNavBarController.swift */; };
		84264E052316E5BD00027AEF /* WeatherDetailController.swift in Sources */ = {isa = PBXBuildFile; fileRef = 84264E042316E5BD00027AEF /* WeatherDetailController.swift */; };
		84264E072316E92D00027AEF /* ReloadView.swift in Sources */ = {isa = PBXBuildFile; fileRef = 84264E062316E92D00027AEF /* ReloadView.swift */; };
		84264E0B2316F93C00027AEF /* Int.swift in Sources */ = {isa = PBXBuildFile; fileRef = 84264E0A2316F93C00027AEF /* Int.swift */; };
		8443B43A231898C2004A0AA7 /* WeatherDayPredictionsFeedCellViewModel.swift in Sources */ = {isa = PBXBuildFile; fileRef = 8443B439231898C2004A0AA7 /* WeatherDayPredictionsFeedCellViewModel.swift */; };
		84B895B9231735ED00A147B2 /* WeatherDetailHeader.swift in Sources */ = {isa = PBXBuildFile; fileRef = 84B895B8231735ED00A147B2 /* WeatherDetailHeader.swift */; };
		84B895BF2317B79A00A147B2 /* WeatherExtraDetailCell.swift in Sources */ = {isa = PBXBuildFile; fileRef = 84B895BE2317B79A00A147B2 /* WeatherExtraDetailCell.swift */; };
		84B895C12317BB0A00A147B2 /* Double.swift in Sources */ = {isa = PBXBuildFile; fileRef = 84B895C02317BB0A00A147B2 /* Double.swift */; };
		84B895C32317BD4200A147B2 /* WeatherExtraDetailViewModel.swift in Sources */ = {isa = PBXBuildFile; fileRef = 84B895C22317BD4200A147B2 /* WeatherExtraDetailViewModel.swift */; };
		84B895C52317BD8A00A147B2 /* WeatherFormatable.swift in Sources */ = {isa = PBXBuildFile; fileRef = 84B895C42317BD8A00A147B2 /* WeatherFormatable.swift */; };
		84B895CB2318214400A147B2 /* WeatherDayPredictionsController.swift in Sources */ = {isa = PBXBuildFile; fileRef = 84B895CA2318214400A147B2 /* WeatherDayPredictionsController.swift */; };
		84B895CD231821A000A147B2 /* WeatherDayPredictionsCell.swift in Sources */ = {isa = PBXBuildFile; fileRef = 84B895CC231821A000A147B2 /* WeatherDayPredictionsCell.swift */; };
		84B895CF2318227F00A147B2 /* WeatherDayPredictionsFeedCell.swift in Sources */ = {isa = PBXBuildFile; fileRef = 84B895CE2318227F00A147B2 /* WeatherDayPredictionsFeedCell.swift */; };
/* End PBXBuildFile section */

/* Begin PBXContainerItemProxy section */
		84264DC92315C5EA00027AEF /* PBXContainerItemProxy */ = {
			isa = PBXContainerItemProxy;
			containerPortal = 84264DAC2315C5E000027AEF /* Project object */;
			proxyType = 1;
			remoteGlobalIDString = 84264DB32315C5E000027AEF;
			remoteInfo = BeSecur_Weather;
		};
		84264DD42315C5EA00027AEF /* PBXContainerItemProxy */ = {
			isa = PBXContainerItemProxy;
			containerPortal = 84264DAC2315C5E000027AEF /* Project object */;
			proxyType = 1;
			remoteGlobalIDString = 84264DB32315C5E000027AEF;
			remoteInfo = BeSecur_Weather;
		};
/* End PBXContainerItemProxy section */

/* Begin PBXFileReference section */
		84264DB42315C5E000027AEF /* BeSecur_Weather.app */ = {isa = PBXFileReference; explicitFileType = wrapper.application; includeInIndex = 0; path = BeSecur_Weather.app; sourceTree = BUILT_PRODUCTS_DIR; };
		84264DB72315C5E000027AEF /* AppDelegate.swift */ = {isa = PBXFileReference; lastKnownFileType = sourcecode.swift; path = AppDelegate.swift; sourceTree = "<group>"; };
		84264DB92315C5E000027AEF /* WeatherHomeController.swift */ = {isa = PBXFileReference; lastKnownFileType = sourcecode.swift; path = WeatherHomeController.swift; sourceTree = "<group>"; };
		84264DBE2315C5EA00027AEF /* Assets.xcassets */ = {isa = PBXFileReference; lastKnownFileType = folder.assetcatalog; path = Assets.xcassets; sourceTree = "<group>"; };
		84264DC12315C5EA00027AEF /* Base */ = {isa = PBXFileReference; lastKnownFileType = file.storyboard; name = Base; path = Base.lproj/LaunchScreen.storyboard; sourceTree = "<group>"; };
		84264DC32315C5EA00027AEF /* Info.plist */ = {isa = PBXFileReference; lastKnownFileType = text.plist.xml; path = Info.plist; sourceTree = "<group>"; };
		84264DC82315C5EA00027AEF /* BeSecur_WeatherTests.xctest */ = {isa = PBXFileReference; explicitFileType = wrapper.cfbundle; includeInIndex = 0; path = BeSecur_WeatherTests.xctest; sourceTree = BUILT_PRODUCTS_DIR; };
		84264DCC2315C5EA00027AEF /* BeSecur_WeatherTests.swift */ = {isa = PBXFileReference; lastKnownFileType = sourcecode.swift; path = BeSecur_WeatherTests.swift; sourceTree = "<group>"; };
		84264DCE2315C5EA00027AEF /* Info.plist */ = {isa = PBXFileReference; lastKnownFileType = text.plist.xml; path = Info.plist; sourceTree = "<group>"; };
		84264DD32315C5EA00027AEF /* BeSecur_WeatherUITests.xctest */ = {isa = PBXFileReference; explicitFileType = wrapper.cfbundle; includeInIndex = 0; path = BeSecur_WeatherUITests.xctest; sourceTree = BUILT_PRODUCTS_DIR; };
		84264DD72315C5EA00027AEF /* BeSecur_WeatherUITests.swift */ = {isa = PBXFileReference; lastKnownFileType = sourcecode.swift; path = BeSecur_WeatherUITests.swift; sourceTree = "<group>"; };
		84264DD92315C5EA00027AEF /* Info.plist */ = {isa = PBXFileReference; lastKnownFileType = text.plist.xml; path = Info.plist; sourceTree = "<group>"; };
		84264DE52315C77D00027AEF /* Service.swift */ = {isa = PBXFileReference; lastKnownFileType = sourcecode.swift; path = Service.swift; sourceTree = "<group>"; };
		84264DE72315C8BB00027AEF /* Location.swift */ = {isa = PBXFileReference; lastKnownFileType = sourcecode.swift; path = Location.swift; sourceTree = "<group>"; };
		84264DED2315CEA800027AEF /* WeatherHomeCell.swift */ = {isa = PBXFileReference; lastKnownFileType = sourcecode.swift; path = WeatherHomeCell.swift; sourceTree = "<group>"; };
		84264DF02315CEEF00027AEF /* Layout.swift */ = {isa = PBXFileReference; lastKnownFileType = sourcecode.swift; path = Layout.swift; sourceTree = "<group>"; };
		84264DF22315CFDD00027AEF /* UIView.swift */ = {isa = PBXFileReference; lastKnownFileType = sourcecode.swift; path = UIView.swift; sourceTree = "<group>"; };
		84264DF42315D59A00027AEF /* String.swift */ = {isa = PBXFileReference; lastKnownFileType = sourcecode.swift; path = String.swift; sourceTree = "<group>"; };
		84264DF82315DDE000027AEF /* UIComponents.swift */ = {isa = PBXFileReference; lastKnownFileType = sourcecode.swift; path = UIComponents.swift; sourceTree = "<group>"; };
		84264DFA2316982300027AEF /* Weather.swift */ = {isa = PBXFileReference; lastKnownFileType = sourcecode.swift; path = Weather.swift; sourceTree = "<group>"; };
		84264DFC2316B9BB00027AEF /* WeatherHomeCellViewModel.swift */ = {isa = PBXFileReference; lastKnownFileType = sourcecode.swift; path = WeatherHomeCellViewModel.swift; sourceTree = "<group>"; };
		84264DFF2316BC1C00027AEF /* ConsolidatedWeather.swift */ = {isa = PBXFileReference; lastKnownFileType = sourcecode.swift; path = ConsolidatedWeather.swift; sourceTree = "<group>"; };
		84264E012316D5E600027AEF /* CustomNavBarController.swift */ = {isa = PBXFileReference; lastKnownFileType = sourcecode.swift; path = CustomNavBarController.swift; sourceTree = "<group>"; };
		84264E042316E5BD00027AEF /* WeatherDetailController.swift */ = {isa = PBXFileReference; lastKnownFileType = sourcecode.swift; path = WeatherDetailController.swift; sourceTree = "<group>"; };
		84264E062316E92D00027AEF /* ReloadView.swift */ = {isa = PBXFileReference; lastKnownFileType = sourcecode.swift; path = ReloadView.swift; sourceTree = "<group>"; };
		84264E0A2316F93C00027AEF /* Int.swift */ = {isa = PBXFileReference; lastKnownFileType = sourcecode.swift; path = Int.swift; sourceTree = "<group>"; };
		8443B439231898C2004A0AA7 /* WeatherDayPredictionsFeedCellViewModel.swift */ = {isa = PBXFileReference; lastKnownFileType = sourcecode.swift; path = WeatherDayPredictionsFeedCellViewModel.swift; sourceTree = "<group>"; };
		84B895B8231735ED00A147B2 /* WeatherDetailHeader.swift */ = {isa = PBXFileReference; lastKnownFileType = sourcecode.swift; path = WeatherDetailHeader.swift; sourceTree = "<group>"; };
		84B895BE2317B79A00A147B2 /* WeatherExtraDetailCell.swift */ = {isa = PBXFileReference; lastKnownFileType = sourcecode.swift; path = WeatherExtraDetailCell.swift; sourceTree = "<group>"; };
		84B895C02317BB0A00A147B2 /* Double.swift */ = {isa = PBXFileReference; lastKnownFileType = sourcecode.swift; path = Double.swift; sourceTree = "<group>"; };
		84B895C22317BD4200A147B2 /* WeatherExtraDetailViewModel.swift */ = {isa = PBXFileReference; lastKnownFileType = sourcecode.swift; path = WeatherExtraDetailViewModel.swift; sourceTree = "<group>"; };
		84B895C42317BD8A00A147B2 /* WeatherFormatable.swift */ = {isa = PBXFileReference; lastKnownFileType = sourcecode.swift; path = WeatherFormatable.swift; sourceTree = "<group>"; };
		84B895CA2318214400A147B2 /* WeatherDayPredictionsController.swift */ = {isa = PBXFileReference; lastKnownFileType = sourcecode.swift; path = WeatherDayPredictionsController.swift; sourceTree = "<group>"; };
		84B895CC231821A000A147B2 /* WeatherDayPredictionsCell.swift */ = {isa = PBXFileReference; lastKnownFileType = sourcecode.swift; path = WeatherDayPredictionsCell.swift; sourceTree = "<group>"; };
		84B895CE2318227F00A147B2 /* WeatherDayPredictionsFeedCell.swift */ = {isa = PBXFileReference; lastKnownFileType = sourcecode.swift; path = WeatherDayPredictionsFeedCell.swift; sourceTree = "<group>"; };
/* End PBXFileReference section */

/* Begin PBXFrameworksBuildPhase section */
		84264DB12315C5E000027AEF /* Frameworks */ = {
			isa = PBXFrameworksBuildPhase;
			buildActionMask = 2147483647;
			files = (
			);
			runOnlyForDeploymentPostprocessing = 0;
		};
		84264DC52315C5EA00027AEF /* Frameworks */ = {
			isa = PBXFrameworksBuildPhase;
			buildActionMask = 2147483647;
			files = (
			);
			runOnlyForDeploymentPostprocessing = 0;
		};
		84264DD02315C5EA00027AEF /* Frameworks */ = {
			isa = PBXFrameworksBuildPhase;
			buildActionMask = 2147483647;
			files = (
			);
			runOnlyForDeploymentPostprocessing = 0;
		};
/* End PBXFrameworksBuildPhase section */

/* Begin PBXGroup section */
		84264DAB2315C5E000027AEF = {
			isa = PBXGroup;
			children = (
				84264DB62315C5E000027AEF /* BeSecur_Weather */,
				84264DCB2315C5EA00027AEF /* BeSecur_WeatherTests */,
				84264DD62315C5EA00027AEF /* BeSecur_WeatherUITests */,
				84264DB52315C5E000027AEF /* Products */,
			);
			sourceTree = "<group>";
		};
		84264DB52315C5E000027AEF /* Products */ = {
			isa = PBXGroup;
			children = (
				84264DB42315C5E000027AEF /* BeSecur_Weather.app */,
				84264DC82315C5EA00027AEF /* BeSecur_WeatherTests.xctest */,
				84264DD32315C5EA00027AEF /* BeSecur_WeatherUITests.xctest */,
			);
			name = Products;
			sourceTree = "<group>";
		};
		84264DB62315C5E000027AEF /* BeSecur_Weather */ = {
			isa = PBXGroup;
			children = (
				84264DB72315C5E000027AEF /* AppDelegate.swift */,
				84264DEF2315CED600027AEF /* Utils */,
				84264DEA2315C8F100027AEF /* Service */,
				84264DEB2315C90500027AEF /* Models */,
				84264DEC2315C92800027AEF /* Views */,
				84264DE92315C8D400027AEF /* Controllers */,
				84264DBE2315C5EA00027AEF /* Assets.xcassets */,
				84264DC02315C5EA00027AEF /* LaunchScreen.storyboard */,
				84264DC32315C5EA00027AEF /* Info.plist */,
			);
			path = BeSecur_Weather;
			sourceTree = "<group>";
		};
		84264DCB2315C5EA00027AEF /* BeSecur_WeatherTests */ = {
			isa = PBXGroup;
			children = (
				84264DCC2315C5EA00027AEF /* BeSecur_WeatherTests.swift */,
				84264DCE2315C5EA00027AEF /* Info.plist */,
			);
			path = BeSecur_WeatherTests;
			sourceTree = "<group>";
		};
		84264DD62315C5EA00027AEF /* BeSecur_WeatherUITests */ = {
			isa = PBXGroup;
			children = (
				84264DD72315C5EA00027AEF /* BeSecur_WeatherUITests.swift */,
				84264DD92315C5EA00027AEF /* Info.plist */,
			);
			path = BeSecur_WeatherUITests;
			sourceTree = "<group>";
		};
		84264DE92315C8D400027AEF /* Controllers */ = {
			isa = PBXGroup;
			children = (
				84B895BC2317A6C800A147B2 /* Home */,
				84B895BD2317A6F500A147B2 /* Detail */,
				84264E032316D6B200027AEF /* Navigation */,
			);
			path = Controllers;
			sourceTree = "<group>";
		};
		84264DEA2315C8F100027AEF /* Service */ = {
			isa = PBXGroup;
			children = (
				84264DE52315C77D00027AEF /* Service.swift */,
			);
			path = Service;
			sourceTree = "<group>";
		};
		84264DEB2315C90500027AEF /* Models */ = {
			isa = PBXGroup;
			children = (
				84264DE72315C8BB00027AEF /* Location.swift */,
				84264DFA2316982300027AEF /* Weather.swift */,
				84264DFF2316BC1C00027AEF /* ConsolidatedWeather.swift */,
				84264DFE2316BA1200027AEF /* ViewModels */,
			);
			path = Models;
			sourceTree = "<group>";
		};
		84264DEC2315C92800027AEF /* Views */ = {
			isa = PBXGroup;
			children = (
				84264E062316E92D00027AEF /* ReloadView.swift */,
				84B895BA2317A69400A147B2 /* Home */,
				84B895BB2317A6A200A147B2 /* Detail */,
			);
			path = Views;
			sourceTree = "<group>";
		};
		84264DEF2315CED600027AEF /* Utils */ = {
			isa = PBXGroup;
			children = (
				84264DF02315CEEF00027AEF /* Layout.swift */,
				84264DF22315CFDD00027AEF /* UIView.swift */,
				84264DF42315D59A00027AEF /* String.swift */,
				84264E0A2316F93C00027AEF /* Int.swift */,
				84B895C02317BB0A00A147B2 /* Double.swift */,
				84264DF82315DDE000027AEF /* UIComponents.swift */,
				84B895C42317BD8A00A147B2 /* WeatherFormatable.swift */,
			);
			path = Utils;
			sourceTree = "<group>";
		};
		84264DFE2316BA1200027AEF /* ViewModels */ = {
			isa = PBXGroup;
			children = (
				84264DFC2316B9BB00027AEF /* WeatherHomeCellViewModel.swift */,
				84B895C22317BD4200A147B2 /* WeatherExtraDetailViewModel.swift */,
				8443B439231898C2004A0AA7 /* WeatherDayPredictionsFeedCellViewModel.swift */,
			);
			path = ViewModels;
			sourceTree = "<group>";
		};
		84264E032316D6B200027AEF /* Navigation */ = {
			isa = PBXGroup;
			children = (
				84264E012316D5E600027AEF /* CustomNavBarController.swift */,
			);
			path = Navigation;
			sourceTree = "<group>";
		};
		84B895BA2317A69400A147B2 /* Home */ = {
			isa = PBXGroup;
			children = (
				84264DED2315CEA800027AEF /* WeatherHomeCell.swift */,
			);
			path = Home;
			sourceTree = "<group>";
		};
		84B895BB2317A6A200A147B2 /* Detail */ = {
			isa = PBXGroup;
			children = (
				84B895B8231735ED00A147B2 /* WeatherDetailHeader.swift */,
				84B895CC231821A000A147B2 /* WeatherDayPredictionsCell.swift */,
				84B895CE2318227F00A147B2 /* WeatherDayPredictionsFeedCell.swift */,
				84B895BE2317B79A00A147B2 /* WeatherExtraDetailCell.swift */,
			);
			path = Detail;
			sourceTree = "<group>";
		};
		84B895BC2317A6C800A147B2 /* Home */ = {
			isa = PBXGroup;
			children = (
				84264DB92315C5E000027AEF /* WeatherHomeController.swift */,
			);
			path = Home;
			sourceTree = "<group>";
		};
		84B895BD2317A6F500A147B2 /* Detail */ = {
			isa = PBXGroup;
			children = (
				84264E042316E5BD00027AEF /* WeatherDetailController.swift */,
				84B895CA2318214400A147B2 /* WeatherDayPredictionsController.swift */,
			);
			path = Detail;
			sourceTree = "<group>";
		};
/* End PBXGroup section */

/* Begin PBXNativeTarget section */
		84264DB32315C5E000027AEF /* BeSecur_Weather */ = {
			isa = PBXNativeTarget;
			buildConfigurationList = 84264DDC2315C5EA00027AEF /* Build configuration list for PBXNativeTarget "BeSecur_Weather" */;
			buildPhases = (
				84264DB02315C5E000027AEF /* Sources */,
				84264DB12315C5E000027AEF /* Frameworks */,
				84264DB22315C5E000027AEF /* Resources */,
			);
			buildRules = (
			);
			dependencies = (
			);
			name = BeSecur_Weather;
			productName = BeSecur_Weather;
			productReference = 84264DB42315C5E000027AEF /* BeSecur_Weather.app */;
			productType = "com.apple.product-type.application";
		};
		84264DC72315C5EA00027AEF /* BeSecur_WeatherTests */ = {
			isa = PBXNativeTarget;
			buildConfigurationList = 84264DDF2315C5EA00027AEF /* Build configuration list for PBXNativeTarget "BeSecur_WeatherTests" */;
			buildPhases = (
				84264DC42315C5EA00027AEF /* Sources */,
				84264DC52315C5EA00027AEF /* Frameworks */,
				84264DC62315C5EA00027AEF /* Resources */,
			);
			buildRules = (
			);
			dependencies = (
				84264DCA2315C5EA00027AEF /* PBXTargetDependency */,
			);
			name = BeSecur_WeatherTests;
			productName = BeSecur_WeatherTests;
			productReference = 84264DC82315C5EA00027AEF /* BeSecur_WeatherTests.xctest */;
			productType = "com.apple.product-type.bundle.unit-test";
		};
		84264DD22315C5EA00027AEF /* BeSecur_WeatherUITests */ = {
			isa = PBXNativeTarget;
			buildConfigurationList = 84264DE22315C5EA00027AEF /* Build configuration list for PBXNativeTarget "BeSecur_WeatherUITests" */;
			buildPhases = (
				84264DCF2315C5EA00027AEF /* Sources */,
				84264DD02315C5EA00027AEF /* Frameworks */,
				84264DD12315C5EA00027AEF /* Resources */,
			);
			buildRules = (
			);
			dependencies = (
				84264DD52315C5EA00027AEF /* PBXTargetDependency */,
			);
			name = BeSecur_WeatherUITests;
			productName = BeSecur_WeatherUITests;
			productReference = 84264DD32315C5EA00027AEF /* BeSecur_WeatherUITests.xctest */;
			productType = "com.apple.product-type.bundle.ui-testing";
		};
/* End PBXNativeTarget section */

/* Begin PBXProject section */
		84264DAC2315C5E000027AEF /* Project object */ = {
			isa = PBXProject;
			attributes = {
				LastSwiftUpdateCheck = 1020;
				LastUpgradeCheck = 1020;
				ORGANIZATIONNAME = "Muhammad Shahrukh";
				TargetAttributes = {
					84264DB32315C5E000027AEF = {
						CreatedOnToolsVersion = 10.2.1;
					};
					84264DC72315C5EA00027AEF = {
						CreatedOnToolsVersion = 10.2.1;
						TestTargetID = 84264DB32315C5E000027AEF;
					};
					84264DD22315C5EA00027AEF = {
						CreatedOnToolsVersion = 10.2.1;
						TestTargetID = 84264DB32315C5E000027AEF;
					};
				};
			};
			buildConfigurationList = 84264DAF2315C5E000027AEF /* Build configuration list for PBXProject "BeSecur_Weather" */;
			compatibilityVersion = "Xcode 9.3";
			developmentRegion = en;
			hasScannedForEncodings = 0;
			knownRegions = (
				en,
				Base,
			);
			mainGroup = 84264DAB2315C5E000027AEF;
			productRefGroup = 84264DB52315C5E000027AEF /* Products */;
			projectDirPath = "";
			projectRoot = "";
			targets = (
				84264DB32315C5E000027AEF /* BeSecur_Weather */,
				84264DC72315C5EA00027AEF /* BeSecur_WeatherTests */,
				84264DD22315C5EA00027AEF /* BeSecur_WeatherUITests */,
			);
		};
/* End PBXProject section */

/* Begin PBXResourcesBuildPhase section */
		84264DB22315C5E000027AEF /* Resources */ = {
			isa = PBXResourcesBuildPhase;
			buildActionMask = 2147483647;
			files = (
				84264DC22315C5EA00027AEF /* LaunchScreen.storyboard in Resources */,
				84264DBF2315C5EA00027AEF /* Assets.xcassets in Resources */,
			);
			runOnlyForDeploymentPostprocessing = 0;
		};
		84264DC62315C5EA00027AEF /* Resources */ = {
			isa = PBXResourcesBuildPhase;
			buildActionMask = 2147483647;
			files = (
			);
			runOnlyForDeploymentPostprocessing = 0;
		};
		84264DD12315C5EA00027AEF /* Resources */ = {
			isa = PBXResourcesBuildPhase;
			buildActionMask = 2147483647;
			files = (
			);
			runOnlyForDeploymentPostprocessing = 0;
		};
/* End PBXResourcesBuildPhase section */

/* Begin PBXSourcesBuildPhase section */
		84264DB02315C5E000027AEF /* Sources */ = {
			isa = PBXSourcesBuildPhase;
			buildActionMask = 2147483647;
			files = (
				84264DFB2316982300027AEF /* Weather.swift in Sources */,
				84B895C32317BD4200A147B2 /* WeatherExtraDetailViewModel.swift in Sources */,
				84264E002316BC1C00027AEF /* ConsolidatedWeather.swift in Sources */,
				8443B43A231898C2004A0AA7 /* WeatherDayPredictionsFeedCellViewModel.swift in Sources */,
				84264DE82315C8BB00027AEF /* Location.swift in Sources */,
				84B895B9231735ED00A147B2 /* WeatherDetailHeader.swift in Sources */,
				84264E072316E92D00027AEF /* ReloadView.swift in Sources */,
				84B895CD231821A000A147B2 /* WeatherDayPredictionsCell.swift in Sources */,
				84B895CB2318214400A147B2 /* WeatherDayPredictionsController.swift in Sources */,
				84264DF92315DDE000027AEF /* UIComponents.swift in Sources */,
				84264E0B2316F93C00027AEF /* Int.swift in Sources */,
				84264DBA2315C5E000027AEF /* WeatherHomeController.swift in Sources */,
				84264DEE2315CEA800027AEF /* WeatherHomeCell.swift in Sources */,
				84264E022316D5E600027AEF /* CustomNavBarController.swift in Sources */,
				84B895CF2318227F00A147B2 /* WeatherDayPredictionsFeedCell.swift in Sources */,
				84B895BF2317B79A00A147B2 /* WeatherExtraDetailCell.swift in Sources */,
				84264DFD2316B9BB00027AEF /* WeatherHomeCellViewModel.swift in Sources */,
				84264DF32315CFDD00027AEF /* UIView.swift in Sources */,
				84264DB82315C5E000027AEF /* AppDelegate.swift in Sources */,
				84264E052316E5BD00027AEF /* WeatherDetailController.swift in Sources */,
				84264DE62315C77D00027AEF /* Service.swift in Sources */,
				84264DF52315D59A00027AEF /* String.swift in Sources */,
				84B895C52317BD8A00A147B2 /* WeatherFormatable.swift in Sources */,
				84B895C12317BB0A00A147B2 /* Double.swift in Sources */,
				84264DF12315CEEF00027AEF /* Layout.swift in Sources */,
			);
			runOnlyForDeploymentPostprocessing = 0;
		};
		84264DC42315C5EA00027AEF /* Sources */ = {
			isa = PBXSourcesBuildPhase;
			buildActionMask = 2147483647;
			files = (
				84264DCD2315C5EA00027AEF /* BeSecur_WeatherTests.swift in Sources */,
			);
			runOnlyForDeploymentPostprocessing = 0;
		};
		84264DCF2315C5EA00027AEF /* Sources */ = {
			isa = PBXSourcesBuildPhase;
			buildActionMask = 2147483647;
			files = (
				84264DD82315C5EA00027AEF /* BeSecur_WeatherUITests.swift in Sources */,
			);
			runOnlyForDeploymentPostprocessing = 0;
		};
/* End PBXSourcesBuildPhase section */

/* Begin PBXTargetDependency section */
		84264DCA2315C5EA00027AEF /* PBXTargetDependency */ = {
			isa = PBXTargetDependency;
			target = 84264DB32315C5E000027AEF /* BeSecur_Weather */;
			targetProxy = 84264DC92315C5EA00027AEF /* PBXContainerItemProxy */;
		};
		84264DD52315C5EA00027AEF /* PBXTargetDependency */ = {
			isa = PBXTargetDependency;
			target = 84264DB32315C5E000027AEF /* BeSecur_Weather */;
			targetProxy = 84264DD42315C5EA00027AEF /* PBXContainerItemProxy */;
		};
/* End PBXTargetDependency section */

/* Begin PBXVariantGroup section */
		84264DC02315C5EA00027AEF /* LaunchScreen.storyboard */ = {
			isa = PBXVariantGroup;
			children = (
				84264DC12315C5EA00027AEF /* Base */,
			);
			name = LaunchScreen.storyboard;
			sourceTree = "<group>";
		};
/* End PBXVariantGroup section */

/* Begin XCBuildConfiguration section */
		84264DDA2315C5EA00027AEF /* Debug */ = {
			isa = XCBuildConfiguration;
			buildSettings = {
				ALWAYS_SEARCH_USER_PATHS = NO;
				CLANG_ANALYZER_NONNULL = YES;
				CLANG_ANALYZER_NUMBER_OBJECT_CONVERSION = YES_AGGRESSIVE;
				CLANG_CXX_LANGUAGE_STANDARD = "gnu++14";
				CLANG_CXX_LIBRARY = "libc++";
				CLANG_ENABLE_MODULES = YES;
				CLANG_ENABLE_OBJC_ARC = YES;
				CLANG_ENABLE_OBJC_WEAK = YES;
				CLANG_WARN_BLOCK_CAPTURE_AUTORELEASING = YES;
				CLANG_WARN_BOOL_CONVERSION = YES;
				CLANG_WARN_COMMA = YES;
				CLANG_WARN_CONSTANT_CONVERSION = YES;
				CLANG_WARN_DEPRECATED_OBJC_IMPLEMENTATIONS = YES;
				CLANG_WARN_DIRECT_OBJC_ISA_USAGE = YES_ERROR;
				CLANG_WARN_DOCUMENTATION_COMMENTS = YES;
				CLANG_WARN_EMPTY_BODY = YES;
				CLANG_WARN_ENUM_CONVERSION = YES;
				CLANG_WARN_INFINITE_RECURSION = YES;
				CLANG_WARN_INT_CONVERSION = YES;
				CLANG_WARN_NON_LITERAL_NULL_CONVERSION = YES;
				CLANG_WARN_OBJC_IMPLICIT_RETAIN_SELF = YES;
				CLANG_WARN_OBJC_LITERAL_CONVERSION = YES;
				CLANG_WARN_OBJC_ROOT_CLASS = YES_ERROR;
				CLANG_WARN_RANGE_LOOP_ANALYSIS = YES;
				CLANG_WARN_STRICT_PROTOTYPES = YES;
				CLANG_WARN_SUSPICIOUS_MOVE = YES;
				CLANG_WARN_UNGUARDED_AVAILABILITY = YES_AGGRESSIVE;
				CLANG_WARN_UNREACHABLE_CODE = YES;
				CLANG_WARN__DUPLICATE_METHOD_MATCH = YES;
				CODE_SIGN_IDENTITY = "iPhone Developer";
				COPY_PHASE_STRIP = NO;
				DEBUG_INFORMATION_FORMAT = dwarf;
				ENABLE_STRICT_OBJC_MSGSEND = YES;
				ENABLE_TESTABILITY = YES;
				GCC_C_LANGUAGE_STANDARD = gnu11;
				GCC_DYNAMIC_NO_PIC = NO;
				GCC_NO_COMMON_BLOCKS = YES;
				GCC_OPTIMIZATION_LEVEL = 0;
				GCC_PREPROCESSOR_DEFINITIONS = (
					"DEBUG=1",
					"$(inherited)",
				);
				GCC_WARN_64_TO_32_BIT_CONVERSION = YES;
				GCC_WARN_ABOUT_RETURN_TYPE = YES_ERROR;
				GCC_WARN_UNDECLARED_SELECTOR = YES;
				GCC_WARN_UNINITIALIZED_AUTOS = YES_AGGRESSIVE;
				GCC_WARN_UNUSED_FUNCTION = YES;
				GCC_WARN_UNUSED_VARIABLE = YES;
				IPHONEOS_DEPLOYMENT_TARGET = 12.2;
				MTL_ENABLE_DEBUG_INFO = INCLUDE_SOURCE;
				MTL_FAST_MATH = YES;
				ONLY_ACTIVE_ARCH = YES;
				SDKROOT = iphoneos;
				SWIFT_ACTIVE_COMPILATION_CONDITIONS = DEBUG;
				SWIFT_OPTIMIZATION_LEVEL = "-Onone";
			};
			name = Debug;
		};
		84264DDB2315C5EA00027AEF /* Release */ = {
			isa = XCBuildConfiguration;
			buildSettings = {
				ALWAYS_SEARCH_USER_PATHS = NO;
				CLANG_ANALYZER_NONNULL = YES;
				CLANG_ANALYZER_NUMBER_OBJECT_CONVERSION = YES_AGGRESSIVE;
				CLANG_CXX_LANGUAGE_STANDARD = "gnu++14";
				CLANG_CXX_LIBRARY = "libc++";
				CLANG_ENABLE_MODULES = YES;
				CLANG_ENABLE_OBJC_ARC = YES;
				CLANG_ENABLE_OBJC_WEAK = YES;
				CLANG_WARN_BLOCK_CAPTURE_AUTORELEASING = YES;
				CLANG_WARN_BOOL_CONVERSION = YES;
				CLANG_WARN_COMMA = YES;
				CLANG_WARN_CONSTANT_CONVERSION = YES;
				CLANG_WARN_DEPRECATED_OBJC_IMPLEMENTATIONS = YES;
				CLANG_WARN_DIRECT_OBJC_ISA_USAGE = YES_ERROR;
				CLANG_WARN_DOCUMENTATION_COMMENTS = YES;
				CLANG_WARN_EMPTY_BODY = YES;
				CLANG_WARN_ENUM_CONVERSION = YES;
				CLANG_WARN_INFINITE_RECURSION = YES;
				CLANG_WARN_INT_CONVERSION = YES;
				CLANG_WARN_NON_LITERAL_NULL_CONVERSION = YES;
				CLANG_WARN_OBJC_IMPLICIT_RETAIN_SELF = YES;
				CLANG_WARN_OBJC_LITERAL_CONVERSION = YES;
				CLANG_WARN_OBJC_ROOT_CLASS = YES_ERROR;
				CLANG_WARN_RANGE_LOOP_ANALYSIS = YES;
				CLANG_WARN_STRICT_PROTOTYPES = YES;
				CLANG_WARN_SUSPICIOUS_MOVE = YES;
				CLANG_WARN_UNGUARDED_AVAILABILITY = YES_AGGRESSIVE;
				CLANG_WARN_UNREACHABLE_CODE = YES;
				CLANG_WARN__DUPLICATE_METHOD_MATCH = YES;
				CODE_SIGN_IDENTITY = "iPhone Developer";
				COPY_PHASE_STRIP = NO;
				DEBUG_INFORMATION_FORMAT = "dwarf-with-dsym";
				ENABLE_NS_ASSERTIONS = NO;
				ENABLE_STRICT_OBJC_MSGSEND = YES;
				GCC_C_LANGUAGE_STANDARD = gnu11;
				GCC_NO_COMMON_BLOCKS = YES;
				GCC_WARN_64_TO_32_BIT_CONVERSION = YES;
				GCC_WARN_ABOUT_RETURN_TYPE = YES_ERROR;
				GCC_WARN_UNDECLARED_SELECTOR = YES;
				GCC_WARN_UNINITIALIZED_AUTOS = YES_AGGRESSIVE;
				GCC_WARN_UNUSED_FUNCTION = YES;
				GCC_WARN_UNUSED_VARIABLE = YES;
				IPHONEOS_DEPLOYMENT_TARGET = 12.2;
				MTL_ENABLE_DEBUG_INFO = NO;
				MTL_FAST_MATH = YES;
				SDKROOT = iphoneos;
				SWIFT_COMPILATION_MODE = wholemodule;
				SWIFT_OPTIMIZATION_LEVEL = "-O";
				VALIDATE_PRODUCT = YES;
			};
			name = Release;
		};
		84264DDD2315C5EA00027AEF /* Debug */ = {
			isa = XCBuildConfiguration;
			buildSettings = {
				ASSETCATALOG_COMPILER_APPICON_NAME = AppIcon;
				CODE_SIGN_STYLE = Automatic;
				DEVELOPMENT_TEAM = VN97T24A36;
				INFOPLIST_FILE = BeSecur_Weather/Info.plist;
				LD_RUNPATH_SEARCH_PATHS = (
					"$(inherited)",
					"@executable_path/Frameworks",
				);
				PRODUCT_BUNDLE_IDENTIFIER = "hub.BeSecur-Weather";
				PRODUCT_NAME = "$(TARGET_NAME)";
				SWIFT_VERSION = 5.0;
				TARGETED_DEVICE_FAMILY = "1,2";
			};
			name = Debug;
		};
		84264DDE2315C5EA00027AEF /* Release */ = {
			isa = XCBuildConfiguration;
			buildSettings = {
				ASSETCATALOG_COMPILER_APPICON_NAME = AppIcon;
				CODE_SIGN_STYLE = Automatic;
				DEVELOPMENT_TEAM = VN97T24A36;
				INFOPLIST_FILE = BeSecur_Weather/Info.plist;
				LD_RUNPATH_SEARCH_PATHS = (
					"$(inherited)",
					"@executable_path/Frameworks",
				);
				PRODUCT_BUNDLE_IDENTIFIER = "hub.BeSecur-Weather";
				PRODUCT_NAME = "$(TARGET_NAME)";
				SWIFT_VERSION = 5.0;
				TARGETED_DEVICE_FAMILY = "1,2";
			};
			name = Release;
		};
		84264DE02315C5EA00027AEF /* Debug */ = {
			isa = XCBuildConfiguration;
			buildSettings = {
				ALWAYS_EMBED_SWIFT_STANDARD_LIBRARIES = YES;
				BUNDLE_LOADER = "$(TEST_HOST)";
				CODE_SIGN_STYLE = Automatic;
				DEVELOPMENT_TEAM = VN97T24A36;
				INFOPLIST_FILE = BeSecur_WeatherTests/Info.plist;
				LD_RUNPATH_SEARCH_PATHS = (
					"$(inherited)",
					"@executable_path/Frameworks",
					"@loader_path/Frameworks",
				);
				PRODUCT_BUNDLE_IDENTIFIER = "hub.BeSecur-WeatherTests";
				PRODUCT_NAME = "$(TARGET_NAME)";
				SWIFT_VERSION = 5.0;
				TARGETED_DEVICE_FAMILY = "1,2";
				TEST_HOST = "$(BUILT_PRODUCTS_DIR)/BeSecur_Weather.app/BeSecur_Weather";
			};
			name = Debug;
		};
		84264DE12315C5EA00027AEF /* Release */ = {
			isa = XCBuildConfiguration;
			buildSettings = {
				ALWAYS_EMBED_SWIFT_STANDARD_LIBRARIES = YES;
				BUNDLE_LOADER = "$(TEST_HOST)";
				CODE_SIGN_STYLE = Automatic;
				DEVELOPMENT_TEAM = VN97T24A36;
				INFOPLIST_FILE = BeSecur_WeatherTests/Info.plist;
				LD_RUNPATH_SEARCH_PATHS = (
					"$(inherited)",
					"@executable_path/Frameworks",
					"@loader_path/Frameworks",
				);
				PRODUCT_BUNDLE_IDENTIFIER = "hub.BeSecur-WeatherTests";
				PRODUCT_NAME = "$(TARGET_NAME)";
				SWIFT_VERSION = 5.0;
				TARGETED_DEVICE_FAMILY = "1,2";
				TEST_HOST = "$(BUILT_PRODUCTS_DIR)/BeSecur_Weather.app/BeSecur_Weather";
			};
			name = Release;
		};
		84264DE32315C5EA00027AEF /* Debug */ = {
			isa = XCBuildConfiguration;
			buildSettings = {
				ALWAYS_EMBED_SWIFT_STANDARD_LIBRARIES = YES;
				CODE_SIGN_STYLE = Automatic;
				DEVELOPMENT_TEAM = VN97T24A36;
				INFOPLIST_FILE = BeSecur_WeatherUITests/Info.plist;
				LD_RUNPATH_SEARCH_PATHS = (
					"$(inherited)",
					"@executable_path/Frameworks",
					"@loader_path/Frameworks",
				);
				PRODUCT_BUNDLE_IDENTIFIER = "hub.BeSecur-WeatherUITests";
				PRODUCT_NAME = "$(TARGET_NAME)";
				SWIFT_VERSION = 5.0;
				TARGETED_DEVICE_FAMILY = "1,2";
				TEST_TARGET_NAME = BeSecur_Weather;
			};
			name = Debug;
		};
		84264DE42315C5EA00027AEF /* Release */ = {
			isa = XCBuildConfiguration;
			buildSettings = {
				ALWAYS_EMBED_SWIFT_STANDARD_LIBRARIES = YES;
				CODE_SIGN_STYLE = Automatic;
				DEVELOPMENT_TEAM = VN97T24A36;
				INFOPLIST_FILE = BeSecur_WeatherUITests/Info.plist;
				LD_RUNPATH_SEARCH_PATHS = (
					"$(inherited)",
					"@executable_path/Frameworks",
					"@loader_path/Frameworks",
				);
				PRODUCT_BUNDLE_IDENTIFIER = "hub.BeSecur-WeatherUITests";
				PRODUCT_NAME = "$(TARGET_NAME)";
				SWIFT_VERSION = 5.0;
				TARGETED_DEVICE_FAMILY = "1,2";
				TEST_TARGET_NAME = BeSecur_Weather;
			};
			name = Release;
		};
/* End XCBuildConfiguration section */

/* Begin XCConfigurationList section */
		84264DAF2315C5E000027AEF /* Build configuration list for PBXProject "BeSecur_Weather" */ = {
			isa = XCConfigurationList;
			buildConfigurations = (
				84264DDA2315C5EA00027AEF /* Debug */,
				84264DDB2315C5EA00027AEF /* Release */,
			);
			defaultConfigurationIsVisible = 0;
			defaultConfigurationName = Release;
		};
		84264DDC2315C5EA00027AEF /* Build configuration list for PBXNativeTarget "BeSecur_Weather" */ = {
			isa = XCConfigurationList;
			buildConfigurations = (
				84264DDD2315C5EA00027AEF /* Debug */,
				84264DDE2315C5EA00027AEF /* Release */,
			);
			defaultConfigurationIsVisible = 0;
			defaultConfigurationName = Release;
		};
		84264DDF2315C5EA00027AEF /* Build configuration list for PBXNativeTarget "BeSecur_WeatherTests" */ = {
			isa = XCConfigurationList;
			buildConfigurations = (
				84264DE02315C5EA00027AEF /* Debug */,
				84264DE12315C5EA00027AEF /* Release */,
			);
			defaultConfigurationIsVisible = 0;
			defaultConfigurationName = Release;
		};
		84264DE22315C5EA00027AEF /* Build configuration list for PBXNativeTarget "BeSecur_WeatherUITests" */ = {
			isa = XCConfigurationList;
			buildConfigurations = (
				84264DE32315C5EA00027AEF /* Debug */,
				84264DE42315C5EA00027AEF /* Release */,
			);
			defaultConfigurationIsVisible = 0;
			defaultConfigurationName = Release;
		};
/* End XCConfigurationList section */
	};
	rootObject = 84264DAC2315C5E000027AEF /* Project object */;
}
